
Microsoft Visual Studio Solution File, Format Version 12.00
# Visual Studio Version 16
VisualStudioVersion = 16.0.29324.140
MinimumVisualStudioVersion = 10.0.40219.1
Project("{FAE04EC0-301F-11D3-BF4B-00C04F79EFBC}") = "SpyApp", "SpyApp\SpyApp.csproj", "{430F8858-2171-4431-968E-5C6829396CFE}"
EndProject
Global
	GlobalSection(SolutionConfigurationPlatforms) = preSolution
		Debug|Any CPU = Debug|Any CPU
		Release|Any CPU = Release|Any CPU
	EndGlobalSection
	GlobalSection(ProjectConfigurationPlatforms) = postSolution
		{430F8858-2171-4431-968E-5C6829396CFE}.Debug|Any CPU.ActiveCfg = Debug|Any CPU
		{430F8858-2171-4431-968E-5C6829396CFE}.Debug|Any CPU.Build.0 = Debug|Any CPU
		{430F8858-2171-4431-968E-5C6829396CFE}.Release|Any CPU.ActiveCfg = Release|Any CPU
		{430F8858-2171-4431-968E-5C6829396CFE}.Release|Any CPU.Build.0 = Release|Any CPU
	EndGlobalSection
	GlobalSection(SolutionProperties) = preSolution
		HideSolutionNode = FALSE
	EndGlobalSection
	GlobalSection(ExtensibilityGlobals) = postSolution
		SolutionGuid = {B8168698-8EB3-44A6-9382-CB2ADDD49D09}
	EndGlobalSection
EndGlobal
